// !$*UTF8*$!
{
	archiveVersion = 1;
	classes = {
	};
	objectVersion = 50;
	objects = {

/* Begin PBXBuildFile section */
		84385A622431955A00AFE8D3 /* AppDelegate.m in Sources */ = {isa = PBXBuildFile; fileRef = 84385A612431955A00AFE8D3 /* AppDelegate.m */; };
		84385A652431955A00AFE8D3 /* SceneDelegate.m in Sources */ = {isa = PBXBuildFile; fileRef = 84385A642431955A00AFE8D3 /* SceneDelegate.m */; };
		84385A682431955A00AFE8D3 /* ViewController.m in Sources */ = {isa = PBXBuildFile; fileRef = 84385A672431955A00AFE8D3 /* ViewController.m */; };
		84385A6B2431955A00AFE8D3 /* Main.storyboard in Resources */ = {isa = PBXBuildFile; fileRef = 84385A692431955A00AFE8D3 /* Main.storyboard */; };
		84385A6D2431955B00AFE8D3 /* Assets.xcassets in Resources */ = {isa = PBXBuildFile; fileRef = 84385A6C2431955B00AFE8D3 /* Assets.xcassets */; };
		84385A702431955B00AFE8D3 /* LaunchScreen.storyboard in Resources */ = {isa = PBXBuildFile; fileRef = 84385A6E2431955B00AFE8D3 /* LaunchScreen.storyboard */; };
		84385A732431955B00AFE8D3 /* main.m in Sources */ = {isa = PBXBuildFile; fileRef = 84385A722431955B00AFE8D3 /* main.m */; };
		84385A7D2431955B00AFE8D3 /* LXSecondProUITests.m in Sources */ = {isa = PBXBuildFile; fileRef = 84385A7C2431955B00AFE8D3 /* LXSecondProUITests.m */; };
/* End PBXBuildFile section */

/* Begin PBXContainerItemProxy section */
		84385A792431955B00AFE8D3 /* PBXContainerItemProxy */ = {
			isa = PBXContainerItemProxy;
			containerPortal = 84385A552431955A00AFE8D3 /* Project object */;
			proxyType = 1;
			remoteGlobalIDString = 84385A5C2431955A00AFE8D3;
			remoteInfo = LXSecondPro;
		};
/* End PBXContainerItemProxy section */

/* Begin PBXFileReference section */
		84385A5D2431955A00AFE8D3 /* LXSecondPro.app */ = {isa = PBXFileReference; explicitFileType = wrapper.application; includeInIndex = 0; path = LXSecondPro.app; sourceTree = BUILT_PRODUCTS_DIR; };
		84385A602431955A00AFE8D3 /* AppDelegate.h */ = {isa = PBXFileReference; lastKnownFileType = sourcecode.c.h; path = AppDelegate.h; sourceTree = "<group>"; };
		84385A612431955A00AFE8D3 /* AppDelegate.m */ = {isa = PBXFileReference; lastKnownFileType = sourcecode.c.objc; path = AppDelegate.m; sourceTree = "<group>"; };
		84385A632431955A00AFE8D3 /* SceneDelegate.h */ = {isa = PBXFileReference; lastKnownFileType = sourcecode.c.h; path = SceneDelegate.h; sourceTree = "<group>"; };
		84385A642431955A00AFE8D3 /* SceneDelegate.m */ = {isa = PBXFileReference; lastKnownFileType = sourcecode.c.objc; path = SceneDelegate.m; sourceTree = "<group>"; };
		84385A662431955A00AFE8D3 /* ViewController.h */ = {isa = PBXFileReference; lastKnownFileType = sourcecode.c.h; path = ViewController.h; sourceTree = "<group>"; };
		84385A672431955A00AFE8D3 /* ViewController.m */ = {isa = PBXFileReference; lastKnownFileType = sourcecode.c.objc; path = ViewController.m; sourceTree = "<group>"; };
		84385A6A2431955A00AFE8D3 /* Base */ = {isa = PBXFileReference; lastKnownFileType = file.storyboard; name = Base; path = Base.lproj/Main.storyboard; sourceTree = "<group>"; };
		84385A6C2431955B00AFE8D3 /* Assets.xcassets */ = {isa = PBXFileReference; lastKnownFileType = folder.assetcatalog; path = Assets.xcassets; sourceTree = "<group>"; };
		84385A6F2431955B00AFE8D3 /* Base */ = {isa = PBXFileReference; lastKnownFileType = file.storyboard; name = Base; path = Base.lproj/LaunchScreen.storyboard; sourceTree = "<group>"; };
		84385A712431955B00AFE8D3 /* Info.plist */ = {isa = PBXFileReference; lastKnownFileType = text.plist.xml; path = Info.plist; sourceTree = "<group>"; };
		84385A722431955B00AFE8D3 /* main.m */ = {isa = PBXFileReference; lastKnownFileType = sourcecode.c.objc; path = main.m; sourceTree = "<group>"; };
		84385A782431955B00AFE8D3 /* LXSecondProUITests.xctest */ = {isa = PBXFileReference; explicitFileType = wrapper.cfbundle; includeInIndex = 0; path = LXSecondProUITests.xctest; sourceTree = BUILT_PRODUCTS_DIR; };
		84385A7C2431955B00AFE8D3 /* LXSecondProUITests.m */ = {isa = PBXFileReference; lastKnownFileType = sourcecode.c.objc; path = LXSecondProUITests.m; sourceTree = "<group>"; };
		84385A7E2431955B00AFE8D3 /* Info.plist */ = {isa = PBXFileReference; lastKnownFileType = text.plist.xml; path = Info.plist; sourceTree = "<group>"; };
/* End PBXFileReference section */

/* Begin PBXFrameworksBuildPhase section */
		84385A5A2431955A00AFE8D3 /* Frameworks */ = {
			isa = PBXFrameworksBuildPhase;
			buildActionMask = 2147483647;
			files = (
			);
			runOnlyForDeploymentPostprocessing = 0;
		};
		84385A752431955B00AFE8D3 /* Frameworks */ = {
			isa = PBXFrameworksBuildPhase;
			buildActionMask = 2147483647;
			files = (
			);
			runOnlyForDeploymentPostprocessing = 0;
		};
/* End PBXFrameworksBuildPhase section */

/* Begin PBXGroup section */
		84385A542431955A00AFE8D3 = {
			isa = PBXGroup;
			children = (
				84385A5F2431955A00AFE8D3 /* LXSecondPro */,
				84385A7B2431955B00AFE8D3 /* LXSecondProUITests */,
				84385A5E2431955A00AFE8D3 /* Products */,
			);
			sourceTree = "<group>";
		};
		84385A5E2431955A00AFE8D3 /* Products */ = {
			isa = PBXGroup;
			children = (
				84385A5D2431955A00AFE8D3 /* LXSecondPro.app */,
				84385A782431955B00AFE8D3 /* LXSecondProUITests.xctest */,
			);
			name = Products;
			sourceTree = "<group>";
		};
		84385A5F2431955A00AFE8D3 /* LXSecondPro */ = {
			isa = PBXGroup;
			children = (
				84385A602431955A00AFE8D3 /* AppDelegate.h */,
				84385A612431955A00AFE8D3 /* AppDelegate.m */,
				84385A632431955A00AFE8D3 /* SceneDelegate.h */,
				84385A642431955A00AFE8D3 /* SceneDelegate.m */,
				84385A662431955A00AFE8D3 /* ViewController.h */,
				84385A672431955A00AFE8D3 /* ViewController.m */,
				84385A692431955A00AFE8D3 /* Main.storyboard */,
				84385A6C2431955B00AFE8D3 /* Assets.xcassets */,
				84385A6E2431955B00AFE8D3 /* LaunchScreen.storyboard */,
				84385A712431955B00AFE8D3 /* Info.plist */,
				84385A722431955B00AFE8D3 /* main.m */,
			);
			path = LXSecondPro;
			sourceTree = "<group>";
		};
		84385A7B2431955B00AFE8D3 /* LXSecondProUITests */ = {
			isa = PBXGroup;
			children = (
				84385A7C2431955B00AFE8D3 /* LXSecondProUITests.m */,
				84385A7E2431955B00AFE8D3 /* Info.plist */,
			);
			path = LXSecondProUITests;
			sourceTree = "<group>";
		};
/* End PBXGroup section */

/* Begin PBXNativeTarget section */
		84385A5C2431955A00AFE8D3 /* LXSecondPro */ = {
			isa = PBXNativeTarget;
			buildConfigurationList = 84385A812431955B00AFE8D3 /* Build configuration list for PBXNativeTarget "LXSecondPro" */;
			buildPhases = (
				84385A592431955A00AFE8D3 /* Sources */,
				84385A5A2431955A00AFE8D3 /* Frameworks */,
				84385A5B2431955A00AFE8D3 /* Resources */,
			);
			buildRules = (
			);
			dependencies = (
			);
			name = LXSecondPro;
			productName = LXSecondPro;
			productReference = 84385A5D2431955A00AFE8D3 /* LXSecondPro.app */;
			productType = "com.apple.product-type.application";
		};
		84385A772431955B00AFE8D3 /* LXSecondProUITests */ = {
			isa = PBXNativeTarget;
			buildConfigurationList = 84385A842431955B00AFE8D3 /* Build configuration list for PBXNativeTarget "LXSecondProUITests" */;
			buildPhases = (
				84385A742431955B00AFE8D3 /* Sources */,
				84385A752431955B00AFE8D3 /* Frameworks */,
				84385A762431955B00AFE8D3 /* Resources */,
			);
			buildRules = (
			);
			dependencies = (
				84385A7A2431955B00AFE8D3 /* PBXTargetDependency */,
			);
			name = LXSecondProUITests;
			productName = LXSecondProUITests;
			productReference = 84385A782431955B00AFE8D3 /* LXSecondProUITests.xctest */;
			productType = "com.apple.product-type.bundle.ui-testing";
		};
/* End PBXNativeTarget section */

/* Begin PBXProject section */
		84385A552431955A00AFE8D3 /* Project object */ = {
			isa = PBXProject;
			attributes = {
				LastUpgradeCheck = 1140;
				ORGANIZATIONNAME = admin;
				TargetAttributes = {
					84385A5C2431955A00AFE8D3 = {
						CreatedOnToolsVersion = 11.4;
					};
					84385A772431955B00AFE8D3 = {
						CreatedOnToolsVersion = 11.4;
						TestTargetID = 84385A5C2431955A00AFE8D3;
					};
				};
			};
			buildConfigurationList = 84385A582431955A00AFE8D3 /* Build configuration list for PBXProject "LXSecondPro" */;
			compatibilityVersion = "Xcode 9.3";
			developmentRegion = en;
			hasScannedForEncodings = 0;
			knownRegions = (
				en,
				Base,
			);
			mainGroup = 84385A542431955A00AFE8D3;
			productRefGroup = 84385A5E2431955A00AFE8D3 /* Products */;
			projectDirPath = "";
			projectRoot = "";
			targets = (
				84385A5C2431955A00AFE8D3 /* LXSecondPro */,
				84385A772431955B00AFE8D3 /* LXSecondProUITests */,
			);
		};
/* End PBXProject section */

/* Begin PBXResourcesBuildPhase section */
		84385A5B2431955A00AFE8D3 /* Resources */ = {
			isa = PBXResourcesBuildPhase;
			buildActionMask = 2147483647;
			files = (
				84385A702431955B00AFE8D3 /* LaunchScreen.storyboard in Resources */,
				84385A6D2431955B00AFE8D3 /* Assets.xcassets in Resources */,
				84385A6B2431955A00AFE8D3 /* Main.storyboard in Resources */,
			);
			runOnlyForDeploymentPostprocessing = 0;
		};
		84385A762431955B00AFE8D3 /* Resources */ = {
			isa = PBXResourcesBuildPhase;
			buildActionMask = 2147483647;
			files = (
			);
			runOnlyForDeploymentPostprocessing = 0;
		};
/* End PBXResourcesBuildPhase section */

/* Begin PBXSourcesBuildPhase section */
		84385A592431955A00AFE8D3 /* Sources */ = {
			isa = PBXSourcesBuildPhase;
			buildActionMask = 2147483647;
			files = (
				84385A682431955A00AFE8D3 /* ViewController.m in Sources */,
				84385A622431955A00AFE8D3 /* AppDelegate.m in Sources */,
				84385A732431955B00AFE8D3 /* main.m in Sources */,
				84385A652431955A00AFE8D3 /* SceneDelegate.m in Sources */,
			);
			runOnlyForDeploymentPostprocessing = 0;
		};
		84385A742431955B00AFE8D3 /* Sources */ = {
			isa = PBXSourcesBuildPhase;
			buildActionMask = 2147483647;
			files = (
				84385A7D2431955B00AFE8D3 /* LXSecondProUITests.m in Sources */,
			);
			runOnlyForDeploymentPostprocessing = 0;
		};
/* End PBXSourcesBuildPhase section */

/* Begin PBXTargetDependency section */
		84385A7A2431955B00AFE8D3 /* PBXTargetDependency */ = {
			isa = PBXTargetDependency;
			target = 84385A5C2431955A00AFE8D3 /* LXSecondPro */;
			targetProxy = 84385A792431955B00AFE8D3 /* PBXContainerItemProxy */;
		};
/* End PBXTargetDependency section */

/* Begin PBXVariantGroup section */
		84385A692431955A00AFE8D3 /* Main.storyboard */ = {
			isa = PBXVariantGroup;
			children = (
				84385A6A2431955A00AFE8D3 /* Base */,
			);
			name = Main.storyboard;
			sourceTree = "<group>";
		};
		84385A6E2431955B00AFE8D3 /* LaunchScreen.storyboard */ = {
			isa = PBXVariantGroup;
			children = (
				84385A6F2431955B00AFE8D3 /* Base */,
			);
			name = LaunchScreen.storyboard;
			sourceTree = "<group>";
		};
/* End PBXVariantGroup section */

/* Begin XCBuildConfiguration section */
		84385A7F2431955B00AFE8D3 /* Debug */ = {
			isa = XCBuildConfiguration;
			buildSettings = {
				ALWAYS_SEARCH_USER_PATHS = NO;
				CLANG_ANALYZER_NONNULL = YES;
				CLANG_ANALYZER_NUMBER_OBJECT_CONVERSION = YES_AGGRESSIVE;
				CLANG_CXX_LANGUAGE_STANDARD = "gnu++14";
				CLANG_CXX_LIBRARY = "libc++";
				CLANG_ENABLE_MODULES = YES;
				CLANG_ENABLE_OBJC_ARC = YES;
				CLANG_ENABLE_OBJC_WEAK = YES;
				CLANG_WARN_BLOCK_CAPTURE_AUTORELEASING = YES;
				CLANG_WARN_BOOL_CONVERSION = YES;
				CLANG_WARN_COMMA = YES;
				CLANG_WARN_CONSTANT_CONVERSION = YES;
				CLANG_WARN_DEPRECATED_OBJC_IMPLEMENTATIONS = YES;
				CLANG_WARN_DIRECT_OBJC_ISA_USAGE = YES_ERROR;
				CLANG_WARN_DOCUMENTATION_COMMENTS = YES;
				CLANG_WARN_EMPTY_BODY = YES;
				CLANG_WARN_ENUM_CONVERSION = YES;
				CLANG_WARN_INFINITE_RECURSION = YES;
				CLANG_WARN_INT_CONVERSION = YES;
				CLANG_WARN_NON_LITERAL_NULL_CONVERSION = YES;
				CLANG_WARN_OBJC_IMPLICIT_RETAIN_SELF = YES;
				CLANG_WARN_OBJC_LITERAL_CONVERSION = YES;
				CLANG_WARN_OBJC_ROOT_CLASS = YES_ERROR;
				CLANG_WARN_RANGE_LOOP_ANALYSIS = YES;
				CLANG_WARN_STRICT_PROTOTYPES = YES;
				CLANG_WARN_SUSPICIOUS_MOVE = YES;
				CLANG_WARN_UNGUARDED_AVAILABILITY = YES_AGGRESSIVE;
				CLANG_WARN_UNREACHABLE_CODE = YES;
				CLANG_WARN__DUPLICATE_METHOD_MATCH = YES;
				COPY_PHASE_STRIP = NO;
				DEBUG_INFORMATION_FORMAT = dwarf;
				ENABLE_STRICT_OBJC_MSGSEND = YES;
				ENABLE_TESTABILITY = YES;
				GCC_C_LANGUAGE_STANDARD = gnu11;
				GCC_DYNAMIC_NO_PIC = NO;
				GCC_NO_COMMON_BLOCKS = YES;
				GCC_OPTIMIZATION_LEVEL = 0;
				GCC_PREPROCESSOR_DEFINITIONS = (
					"DEBUG=1",
					"$(inherited)",
				);
				GCC_WARN_64_TO_32_BIT_CONVERSION = YES;
				GCC_WARN_ABOUT_RETURN_TYPE = YES_ERROR;
				GCC_WARN_UNDECLARED_SELECTOR = YES;
				GCC_WARN_UNINITIALIZED_AUTOS = YES_AGGRESSIVE;
				GCC_WARN_UNUSED_FUNCTION = YES;
				GCC_WARN_UNUSED_VARIABLE = YES;
				IPHONEOS_DEPLOYMENT_TARGET = 13.4;
				MTL_ENABLE_DEBUG_INFO = INCLUDE_SOURCE;
				MTL_FAST_MATH = YES;
				ONLY_ACTIVE_ARCH = YES;
				SDKROOT = iphoneos;
			};
			name = Debug;
		};
		84385A802431955B00AFE8D3 /* Release */ = {
			isa = XCBuildConfiguration;
			buildSettings = {
				ALWAYS_SEARCH_USER_PATHS = NO;
				CLANG_ANALYZER_NONNULL = YES;
				CLANG_ANALYZER_NUMBER_OBJECT_CONVERSION = YES_AGGRESSIVE;
				CLANG_CXX_LANGUAGE_STANDARD = "gnu++14";
				CLANG_CXX_LIBRARY = "libc++";
				CLANG_ENABLE_MODULES = YES;
				CLANG_ENABLE_OBJC_ARC = YES;
				CLANG_ENABLE_OBJC_WEAK = YES;
				CLANG_WARN_BLOCK_CAPTURE_AUTORELEASING = YES;
				CLANG_WARN_BOOL_CONVERSION = YES;
				CLANG_WARN_COMMA = YES;
				CLANG_WARN_CONSTANT_CONVERSION = YES;
				CLANG_WARN_DEPRECATED_OBJC_IMPLEMENTATIONS = YES;
				CLANG_WARN_DIRECT_OBJC_ISA_USAGE = YES_ERROR;
				CLANG_WARN_DOCUMENTATION_COMMENTS = YES;
				CLANG_WARN_EMPTY_BODY = YES;
				CLANG_WARN_ENUM_CONVERSION = YES;
				CLANG_WARN_INFINITE_RECURSION = YES;
				CLANG_WARN_INT_CONVERSION = YES;
				CLANG_WARN_NON_LITERAL_NULL_CONVERSION = YES;
				CLANG_WARN_OBJC_IMPLICIT_RETAIN_SELF = YES;
				CLANG_WARN_OBJC_LITERAL_CONVERSION = YES;
				CLANG_WARN_OBJC_ROOT_CLASS = YES_ERROR;
				CLANG_WARN_RANGE_LOOP_ANALYSIS = YES;
				CLANG_WARN_STRICT_PROTOTYPES = YES;
				CLANG_WARN_SUSPICIOUS_MOVE = YES;
				CLANG_WARN_UNGUARDED_AVAILABILITY = YES_AGGRESSIVE;
				CLANG_WARN_UNREACHABLE_CODE = YES;
				CLANG_WARN__DUPLICATE_METHOD_MATCH = YES;
				COPY_PHASE_STRIP = NO;
				DEBUG_INFORMATION_FORMAT = "dwarf-with-dsym";
				ENABLE_NS_ASSERTIONS = NO;
				ENABLE_STRICT_OBJC_MSGSEND = YES;
				GCC_C_LANGUAGE_STANDARD = gnu11;
				GCC_NO_COMMON_BLOCKS = YES;
				GCC_WARN_64_TO_32_BIT_CONVERSION = YES;
				GCC_WARN_ABOUT_RETURN_TYPE = YES_ERROR;
				GCC_WARN_UNDECLARED_SELECTOR = YES;
				GCC_WARN_UNINITIALIZED_AUTOS = YES_AGGRESSIVE;
				GCC_WARN_UNUSED_FUNCTION = YES;
				GCC_WARN_UNUSED_VARIABLE = YES;
				IPHONEOS_DEPLOYMENT_TARGET = 13.4;
				MTL_ENABLE_DEBUG_INFO = NO;
				MTL_FAST_MATH = YES;
				SDKROOT = iphoneos;
				VALIDATE_PRODUCT = YES;
			};
			name = Release;
		};
		84385A822431955B00AFE8D3 /* Debug */ = {
			isa = XCBuildConfiguration;
			buildSettings = {
				ASSETCATALOG_COMPILER_APPICON_NAME = AppIcon;
				CODE_SIGN_STYLE = Automatic;
				INFOPLIST_FILE = LXSecondPro/Info.plist;
				LD_RUNPATH_SEARCH_PATHS = (
					"$(inherited)",
					"@executable_path/Frameworks",
				);
				PRODUCT_BUNDLE_IDENTIFIER = liuxin.LXSecondPro;
				PRODUCT_NAME = "$(TARGET_NAME)";
				TARGETED_DEVICE_FAMILY = "1,2";
			};
			name = Debug;
		};
		84385A832431955B00AFE8D3 /* Release */ = {
			isa = XCBuildConfiguration;
			buildSettings = {
				ASSETCATALOG_COMPILER_APPICON_NAME = AppIcon;
				CODE_SIGN_STYLE = Automatic;
				INFOPLIST_FILE = LXSecondPro/Info.plist;
				LD_RUNPATH_SEARCH_PATHS = (
					"$(inherited)",
					"@executable_path/Frameworks",
				);
				PRODUCT_BUNDLE_IDENTIFIER = liuxin.LXSecondPro;
				PRODUCT_NAME = "$(TARGET_NAME)";
				TARGETED_DEVICE_FAMILY = "1,2";
			};
			name = Release;
		};
		84385A852431955B00AFE8D3 /* Debug */ = {
			isa = XCBuildConfiguration;
			buildSettings = {
				CODE_SIGN_STYLE = Automatic;
				INFOPLIST_FILE = LXSecondProUITests/Info.plist;
				LD_RUNPATH_SEARCH_PATHS = (
					"$(inherited)",
					"@executable_path/Frameworks",
					"@loader_path/Frameworks",
				);
				PRODUCT_BUNDLE_IDENTIFIER = liuxin.LXSecondProUITests;
				PRODUCT_NAME = "$(TARGET_NAME)";
				TARGETED_DEVICE_FAMILY = "1,2";
				TEST_TARGET_NAME = LXSecondPro;
			};
			name = Debug;
		};
		84385A862431955B00AFE8D3 /* Release */ = {
			isa = XCBuildConfiguration;
			buildSettings = {
				CODE_SIGN_STYLE = Automatic;
				INFOPLIST_FILE = LXSecondProUITests/Info.plist;
				LD_RUNPATH_SEARCH_PATHS = (
					"$(inherited)",
					"@executable_path/Frameworks",
					"@loader_path/Frameworks",
				);
				PRODUCT_BUNDLE_IDENTIFIER = liuxin.LXSecondProUITests;
				PRODUCT_NAME = "$(TARGET_NAME)";
				TARGETED_DEVICE_FAMILY = "1,2";
				TEST_TARGET_NAME = LXSecondPro;
			};
			name = Release;
		};
/* End XCBuildConfiguration section */

/* Begin XCConfigurationList section */
		84385A582431955A00AFE8D3 /* Build configuration list for PBXProject "LXSecondPro" */ = {
			isa = XCConfigurationList;
			buildConfigurations = (
				84385A7F2431955B00AFE8D3 /* Debug */,
				84385A802431955B00AFE8D3 /* Release */,
			);
			defaultConfigurationIsVisible = 0;
			defaultConfigurationName = Release;
		};
		84385A812431955B00AFE8D3 /* Build configuration list for PBXNativeTarget "LXSecondPro" */ = {
			isa = XCConfigurationList;
			buildConfigurations = (
				84385A822431955B00AFE8D3 /* Debug */,
				84385A832431955B00AFE8D3 /* Release */,
			);
			defaultConfigurationIsVisible = 0;
			defaultConfigurationName = Release;
		};
		84385A842431955B00AFE8D3 /* Build configuration list for PBXNativeTarget "LXSecondProUITests" */ = {
			isa = XCConfigurationList;
			buildConfigurations = (
				84385A852431955B00AFE8D3 /* Debug */,
				84385A862431955B00AFE8D3 /* Release */,
			);
			defaultConfigurationIsVisible = 0;
			defaultConfigurationName = Release;
		};
/* End XCConfigurationList section */
	};
	rootObject = 84385A552431955A00AFE8D3 /* Project object */;
}
